
Microsoft Visual Studio Solution File, Format Version 12.00
# Visual Studio Version 17
VisualStudioVersion = 17.13.35825.156 d17.13
MinimumVisualStudioVersion = 10.0.40219.1
Project("{FAE04EC0-301F-11D3-BF4B-00C04F79EFBC}") = "Calculator", "Calculator\Calculator.csproj", "{531CA359-CD67-480C-A25E-695EE6B1333D}"
EndProject
Global
	GlobalSection(SolutionConfigurationPlatforms) = preSolution
		Debug|Any CPU = Debug|Any CPU
		Release|Any CPU = Release|Any CPU
	EndGlobalSection
	GlobalSection(ProjectConfigurationPlatforms) = postSolution
		{531CA359-CD67-480C-A25E-695EE6B1333D}.Debug|Any CPU.ActiveCfg = Debug|Any CPU
		{531CA359-CD67-480C-A25E-695EE6B1333D}.Debug|Any CPU.Build.0 = Debug|Any CPU
		{531CA359-CD67-480C-A25E-695EE6B1333D}.Release|Any CPU.ActiveCfg = Release|Any CPU
		{531CA359-CD67-480C-A25E-695EE6B1333D}.Release|Any CPU.Build.0 = Release|Any CPU
	EndGlobalSection
	GlobalSection(SolutionProperties) = preSolution
		HideSolutionNode = FALSE
	EndGlobalSection
	GlobalSection(ExtensibilityGlobals) = postSolution
		SolutionGuid = {A0EE4FB3-546C-4A47-933B-7F8C81188811}
	EndGlobalSection
EndGlobal
